
Microsoft Visual Studio Solution File, Format Version 12.00
# Visual Studio Version 17
VisualStudioVersion = 17.8.34309.116
MinimumVisualStudioVersion = 10.0.40219.1
Project("{FAE04EC0-301F-11D3-BF4B-00C04F79EFBC}") = "BookStoreApp", "BookStoreApp\BookStoreApp.csproj", "{CF237DD3-CA78-48AB-9403-4B1118AC6C54}"
EndProject
Global
	GlobalSection(SolutionConfigurationPlatforms) = preSolution
		Debug|Any CPU = Debug|Any CPU
		Release|Any CPU = Release|Any CPU
	EndGlobalSection
	GlobalSection(ProjectConfigurationPlatforms) = postSolution
		{CF237DD3-CA78-48AB-9403-4B1118AC6C54}.Debug|Any CPU.ActiveCfg = Debug|Any CPU
		{CF237DD3-CA78-48AB-9403-4B1118AC6C54}.Debug|Any CPU.Build.0 = Debug|Any CPU
		{CF237DD3-CA78-48AB-9403-4B1118AC6C54}.Release|Any CPU.ActiveCfg = Release|Any CPU
		{CF237DD3-CA78-48AB-9403-4B1118AC6C54}.Release|Any CPU.Build.0 = Release|Any CPU
	EndGlobalSection
	GlobalSection(SolutionProperties) = preSolution
		HideSolutionNode = FALSE
	EndGlobalSection
	GlobalSection(ExtensibilityGlobals) = postSolution
		SolutionGuid = {8D36E210-C943-4AAC-BD6B-F3D2B058A864}
	EndGlobalSection
EndGlobal
